
Microsoft Visual Studio Solution File, Format Version 12.00
# Visual Studio Version 17
VisualStudioVersion = 17.6.33712.159
MinimumVisualStudioVersion = 10.0.40219.1
Project("{FAE04EC0-301F-11D3-BF4B-00C04F79EFBC}") = "ShoeShop", "ShoeShop\ShoeShop.csproj", "{90D33FA7-1B5D-47FA-A41D-217CF3CB5EA6}"
EndProject
Global
	GlobalSection(SolutionConfigurationPlatforms) = preSolution
		Debug|Any CPU = Debug|Any CPU
		Release|Any CPU = Release|Any CPU
	EndGlobalSection
	GlobalSection(ProjectConfigurationPlatforms) = postSolution
		{90D33FA7-1B5D-47FA-A41D-217CF3CB5EA6}.Debug|Any CPU.ActiveCfg = Debug|Any CPU
		{90D33FA7-1B5D-47FA-A41D-217CF3CB5EA6}.Debug|Any CPU.Build.0 = Debug|Any CPU
		{90D33FA7-1B5D-47FA-A41D-217CF3CB5EA6}.Release|Any CPU.ActiveCfg = Release|Any CPU
		{90D33FA7-1B5D-47FA-A41D-217CF3CB5EA6}.Release|Any CPU.Build.0 = Release|Any CPU
	EndGlobalSection
	GlobalSection(SolutionProperties) = preSolution
		HideSolutionNode = FALSE
	EndGlobalSection
	GlobalSection(ExtensibilityGlobals) = postSolution
		SolutionGuid = {8128F6C3-BDAF-442C-BE75-3F27318535E2}
	EndGlobalSection
EndGlobal
